
Microsoft Visual Studio Solution File, Format Version 12.00
# Visual Studio Version 17
VisualStudioVersion = 17.9.34902.65
MinimumVisualStudioVersion = 10.0.40219.1
Project("{9A19103F-16F7-4668-BE54-9A1E7A4F7556}") = "SIGMA", "SIGMA.csproj", "{7043C9D9-E897-45D1-A079-6BF5BD32EB0D}"
EndProject
Project("{FAE04EC0-301F-11D3-BF4B-00C04F79EFBC}") = "SIGMATEST", "..\SIGMATEST\SIGMATEST.csproj", "{C8E80E80-89E7-4BDD-BAD8-C9982612ECF8}"
EndProject
Global
	GlobalSection(SolutionConfigurationPlatforms) = preSolution
		Debug|Any CPU = Debug|Any CPU
		Release|Any CPU = Release|Any CPU
	EndGlobalSection
	GlobalSection(ProjectConfigurationPlatforms) = postSolution
		{7043C9D9-E897-45D1-A079-6BF5BD32EB0D}.Debug|Any CPU.ActiveCfg = Debug|Any CPU
		{7043C9D9-E897-45D1-A079-6BF5BD32EB0D}.Debug|Any CPU.Build.0 = Debug|Any CPU
		{7043C9D9-E897-45D1-A079-6BF5BD32EB0D}.Release|Any CPU.ActiveCfg = Release|Any CPU
		{7043C9D9-E897-45D1-A079-6BF5BD32EB0D}.Release|Any CPU.Build.0 = Release|Any CPU
		{C8E80E80-89E7-4BDD-BAD8-C9982612ECF8}.Debug|Any CPU.ActiveCfg = Debug|Any CPU
		{C8E80E80-89E7-4BDD-BAD8-C9982612ECF8}.Debug|Any CPU.Build.0 = Debug|Any CPU
		{C8E80E80-89E7-4BDD-BAD8-C9982612ECF8}.Release|Any CPU.ActiveCfg = Release|Any CPU
		{C8E80E80-89E7-4BDD-BAD8-C9982612ECF8}.Release|Any CPU.Build.0 = Release|Any CPU
	EndGlobalSection
	GlobalSection(SolutionProperties) = preSolution
		HideSolutionNode = FALSE
	EndGlobalSection
	GlobalSection(ExtensibilityGlobals) = postSolution
		SolutionGuid = {8429FB1C-5CF1-42F3-88B3-70499BC51658}
	EndGlobalSection
EndGlobal
